PODS:
  - Alamofire (4.8.2)
  - DriftwoodHandily (5.1.0)
  - Kingfisher (4.10.1)
  - PKHUD (5.2.1)
  - STi (1.0.0):
    - Alamofire
    - DriftwoodHandily
    - Kingfisher
    - PKHUD
    - SwiftyNavigationBar
  - SwiftyNavigationBar (1.0.8)

DEPENDENCIES:
  - STi (from `../`)

SPEC REPOS:
  https://github.com/cocoapods/specs.git:
    - Alamofire
    - DriftwoodHandily
    - Kingfisher
    - PKHUD
    - SwiftyNavigationBar

EXTERNAL SOURCES:
  STi:
    :path: "../"

SPEC CHECKSUMS:
  Alamofire: ae5c501addb7afdbb13687d7f2f722c78734c2d3
  DriftwoodHandily: 3ac053cdccdd0e0debf98526d111c39eae8e3857
  Kingfisher: c148cd7b47ebde9989f6bc7c27dcaa79d81279a0
  PKHUD: 4e6162c4c39ac367c6934e9855c6b4762ee16256
  STi: 3456baeecb8e4efb2fe2ca778fb1772d5509d90b
  SwiftyNavigationBar: 0a1eb0938ff3bbe17974d799d5bd4a2ad17bbac9

PODFILE CHECKSUM: 2a9b736fe0a21c4628001d0e909617b83c2f75c9

COCOAPODS: 1.6.1
